
Microsoft Visual Studio Solution File, Format Version 12.00
# Visual Studio Version 16
VisualStudioVersion = 16.0.31515.178
MinimumVisualStudioVersion = 10.0.40219.1
Project("{FAE04EC0-301F-11D3-BF4B-00C04F79EFBC}") = "POO_01-09_Pizzaria", "POO_01-09_Pizzaria\POO_01-09_Pizzaria.csproj", "{91E7398E-FD7F-4A72-B956-C5793D4C340D}"
EndProject
Global
	GlobalSection(SolutionConfigurationPlatforms) = preSolution
		Debug|Any CPU = Debug|Any CPU
		Release|Any CPU = Release|Any CPU
	EndGlobalSection
	GlobalSection(ProjectConfigurationPlatforms) = postSolution
		{91E7398E-FD7F-4A72-B956-C5793D4C340D}.Debug|Any CPU.ActiveCfg = Debug|Any CPU
		{91E7398E-FD7F-4A72-B956-C5793D4C340D}.Debug|Any CPU.Build.0 = Debug|Any CPU
		{91E7398E-FD7F-4A72-B956-C5793D4C340D}.Release|Any CPU.ActiveCfg = Release|Any CPU
		{91E7398E-FD7F-4A72-B956-C5793D4C340D}.Release|Any CPU.Build.0 = Release|Any CPU
	EndGlobalSection
	GlobalSection(SolutionProperties) = preSolution
		HideSolutionNode = FALSE
	EndGlobalSection
	GlobalSection(ExtensibilityGlobals) = postSolution
		SolutionGuid = {55485102-2C77-48C2-A440-AF58AF097813}
	EndGlobalSection
EndGlobal
